
Microsoft Visual Studio Solution File, Format Version 12.00
# Visual Studio Version 17
VisualStudioVersion = 17.10.35027.167
MinimumVisualStudioVersion = 10.0.40219.1
Project("{FAE04EC0-301F-11D3-BF4B-00C04F79EFBC}") = "QuanLySinhVien", "QuanLySinhVien.csproj", "{8E36F67C-59FC-41F5-8C46-38872C037736}"
EndProject
Global
	GlobalSection(SolutionConfigurationPlatforms) = preSolution
		Debug|Any CPU = Debug|Any CPU
		Release|Any CPU = Release|Any CPU
	EndGlobalSection
	GlobalSection(ProjectConfigurationPlatforms) = postSolution
		{8E36F67C-59FC-41F5-8C46-38872C037736}.Debug|Any CPU.ActiveCfg = Debug|Any CPU
		{8E36F67C-59FC-41F5-8C46-38872C037736}.Debug|Any CPU.Build.0 = Debug|Any CPU
		{8E36F67C-59FC-41F5-8C46-38872C037736}.Release|Any CPU.ActiveCfg = Release|Any CPU
		{8E36F67C-59FC-41F5-8C46-38872C037736}.Release|Any CPU.Build.0 = Release|Any CPU
	EndGlobalSection
	GlobalSection(SolutionProperties) = preSolution
		HideSolutionNode = FALSE
	EndGlobalSection
	GlobalSection(ExtensibilityGlobals) = postSolution
		SolutionGuid = {98118585-C400-4D1C-9752-4930DF038D9E}
	EndGlobalSection
EndGlobal
